// !$*UTF8*$!
{
	archiveVersion = 1;
	classes = {
	};
	objectVersion = 46;
	objects = {

/* Begin PBXBuildFile section */
		4EF128551CCF14AB004EA7A7 /* main.m in Sources */ = {isa = PBXBuildFile; fileRef = 4EF128541CCF14AB004EA7A7 /* main.m */; };
		4EF128601CCF14AB004EA7A7 /* Assets.xcassets in Resources */ = {isa = PBXBuildFile; fileRef = 4EF1285F1CCF14AB004EA7A7 /* Assets.xcassets */; };
		4EF128631CCF14AB004EA7A7 /* LaunchScreen.storyboard in Resources */ = {isa = PBXBuildFile; fileRef = 4EF128611CCF14AB004EA7A7 /* LaunchScreen.storyboard */; };
		4EF1286E1CCF14AB004EA7A7 /* SLZYZTests.m in Sources */ = {isa = PBXBuildFile; fileRef = 4EF1286D1CCF14AB004EA7A7 /* SLZYZTests.m */; };
		4EF128791CCF14AB004EA7A7 /* SLZYZUITests.m in Sources */ = {isa = PBXBuildFile; fileRef = 4EF128781CCF14AB004EA7A7 /* SLZYZUITests.m */; };
		4EF128A51CCF1636004EA7A7 /* AppDelegate.m in Sources */ = {isa = PBXBuildFile; fileRef = 4EF128871CCF1636004EA7A7 /* AppDelegate.m */; };
		4EF128A61CCF1636004EA7A7 /* CSLeftViewController.m in Sources */ = {isa = PBXBuildFile; fileRef = 4EF128891CCF1636004EA7A7 /* CSLeftViewController.m */; };
		4EF128A71CCF1636004EA7A7 /* CSMainViewController.m in Sources */ = {isa = PBXBuildFile; fileRef = 4EF1288B1CCF1636004EA7A7 /* CSMainViewController.m */; };
		4EF128A81CCF1636004EA7A7 /* CSNetFatureController.m in Sources */ = {isa = PBXBuildFile; fileRef = 4EF1288F1CCF1636004EA7A7 /* CSNetFatureController.m */; };
		4EF128A91CCF1636004EA7A7 /* CSNewFeatureCell.m in Sources */ = {isa = PBXBuildFile; fileRef = 4EF128921CCF1636004EA7A7 /* CSNewFeatureCell.m */; };
		4EF128AA1CCF1636004EA7A7 /* new_feature_1-568h@2x.png in Resources */ = {isa = PBXBuildFile; fileRef = 4EF128951CCF1636004EA7A7 /* new_feature_1-568h@2x.png */; };
		4EF128AB1CCF1636004EA7A7 /* new_feature_1@2x.png in Resources */ = {isa = PBXBuildFile; fileRef = 4EF128961CCF1636004EA7A7 /* new_feature_1@2x.png */; };
		4EF128AC1CCF1636004EA7A7 /* new_feature_2-568h@2x.png in Resources */ = {isa = PBXBuildFile; fileRef = 4EF128971CCF1636004EA7A7 /* new_feature_2-568h@2x.png */; };
		4EF128AD1CCF1636004EA7A7 /* new_feature_2@2x.png in Resources */ = {isa = PBXBuildFile; fileRef = 4EF128981CCF1636004EA7A7 /* new_feature_2@2x.png */; };
		4EF128AE1CCF1636004EA7A7 /* new_feature_3-568h@2x.png in Resources */ = {isa = PBXBuildFile; fileRef = 4EF128991CCF1636004EA7A7 /* new_feature_3-568h@2x.png */; };
		4EF128AF1CCF1636004EA7A7 /* new_feature_3@2x.png in Resources */ = {isa = PBXBuildFile; fileRef = 4EF1289A1CCF1636004EA7A7 /* new_feature_3@2x.png */; };
		4EF128B01CCF1636004EA7A7 /* new_feature_4-568h@2x.png in Resources */ = {isa = PBXBuildFile; fileRef = 4EF1289B1CCF1636004EA7A7 /* new_feature_4-568h@2x.png */; };
		4EF128B11CCF1636004EA7A7 /* new_feature_4@2x.png in Resources */ = {isa = PBXBuildFile; fileRef = 4EF1289C1CCF1636004EA7A7 /* new_feature_4@2x.png */; };
		4EF128B21CCF1636004EA7A7 /* new_feature_finish_button@2x.png in Resources */ = {isa = PBXBuildFile; fileRef = 4EF1289D1CCF1636004EA7A7 /* new_feature_finish_button@2x.png */; };
		4EF128B31CCF1636004EA7A7 /* new_feature_finish_button_highlighted@2x.png in Resources */ = {isa = PBXBuildFile; fileRef = 4EF1289E1CCF1636004EA7A7 /* new_feature_finish_button_highlighted@2x.png */; };
		4EF128B41CCF1636004EA7A7 /* new_feature_share_false@2x.png in Resources */ = {isa = PBXBuildFile; fileRef = 4EF1289F1CCF1636004EA7A7 /* new_feature_share_false@2x.png */; };
		4EF128B51CCF1636004EA7A7 /* new_feature_share_true@2x.png in Resources */ = {isa = PBXBuildFile; fileRef = 4EF128A01CCF1636004EA7A7 /* new_feature_share_true@2x.png */; };
		4EF128B61CCF1636004EA7A7 /* SlideNavigationController.m in Sources */ = {isa = PBXBuildFile; fileRef = 4EF128A21CCF1636004EA7A7 /* SlideNavigationController.m */; };
		4EF128B71CCF1636004EA7A7 /* ViewController.m in Sources */ = {isa = PBXBuildFile; fileRef = 4EF128A41CCF1636004EA7A7 /* ViewController.m */; };
		4EF128C51CCF1736004EA7A7 /* SlideNavigationContorllerAnimatorFade.m in Sources */ = {isa = PBXBuildFile; fileRef = 4EF128BC1CCF1736004EA7A7 /* SlideNavigationContorllerAnimatorFade.m */; };
		4EF128C61CCF1736004EA7A7 /* SlideNavigationContorllerAnimatorScale.m in Sources */ = {isa = PBXBuildFile; fileRef = 4EF128BE1CCF1736004EA7A7 /* SlideNavigationContorllerAnimatorScale.m */; };
		4EF128C71CCF1736004EA7A7 /* SlideNavigationContorllerAnimatorScaleAndFade.m in Sources */ = {isa = PBXBuildFile; fileRef = 4EF128C01CCF1736004EA7A7 /* SlideNavigationContorllerAnimatorScaleAndFade.m */; };
		4EF128C81CCF1736004EA7A7 /* SlideNavigationContorllerAnimatorSlide.m in Sources */ = {isa = PBXBuildFile; fileRef = 4EF128C21CCF1736004EA7A7 /* SlideNavigationContorllerAnimatorSlide.m */; };
		4EF128C91CCF1736004EA7A7 /* SlideNavigationContorllerAnimatorSlideAndFade.m in Sources */ = {isa = PBXBuildFile; fileRef = 4EF128C41CCF1736004EA7A7 /* SlideNavigationContorllerAnimatorSlideAndFade.m */; };
/* End PBXBuildFile section */

/* Begin PBXContainerItemProxy section */
		4EF1286A1CCF14AB004EA7A7 /* PBXContainerItemProxy */ = {
			isa = PBXContainerItemProxy;
			containerPortal = 4EF128481CCF14AB004EA7A7 /* Project object */;
			proxyType = 1;
			remoteGlobalIDString = 4EF1284F1CCF14AB004EA7A7;
			remoteInfo = SLZYZ;
		};
		4EF128751CCF14AB004EA7A7 /* PBXContainerItemProxy */ = {
			isa = PBXContainerItemProxy;
			containerPortal = 4EF128481CCF14AB004EA7A7 /* Project object */;
			proxyType = 1;
			remoteGlobalIDString = 4EF1284F1CCF14AB004EA7A7;
			remoteInfo = SLZYZ;
		};
/* End PBXContainerItemProxy section */

/* Begin PBXFileReference section */
		4EF128501CCF14AB004EA7A7 /* SLZYZ.app */ = {isa = PBXFileReference; explicitFileType = wrapper.application; includeInIndex = 0; path = SLZYZ.app; sourceTree = BUILT_PRODUCTS_DIR; };
		4EF128541CCF14AB004EA7A7 /* main.m */ = {isa = PBXFileReference; lastKnownFileType = sourcecode.c.objc; path = main.m; sourceTree = "<group>"; };
		4EF1285F1CCF14AB004EA7A7 /* Assets.xcassets */ = {isa = PBXFileReference; lastKnownFileType = folder.assetcatalog; path = Assets.xcassets; sourceTree = "<group>"; };
		4EF128621CCF14AB004EA7A7 /* Base */ = {isa = PBXFileReference; lastKnownFileType = file.storyboard; name = Base; path = Base.lproj/LaunchScreen.storyboard; sourceTree = "<group>"; };
		4EF128641CCF14AB004EA7A7 /* Info.plist */ = {isa = PBXFileReference; lastKnownFileType = text.plist.xml; path = Info.plist; sourceTree = "<group>"; };
		4EF128691CCF14AB004EA7A7 /* SLZYZTests.xctest */ = {isa = PBXFileReference; explicitFileType = wrapper.cfbundle; includeInIndex = 0; path = SLZYZTests.xctest; sourceTree = BUILT_PRODUCTS_DIR; };
		4EF1286D1CCF14AB004EA7A7 /* SLZYZTests.m */ = {isa = PBXFileReference; lastKnownFileType = sourcecode.c.objc; path = SLZYZTests.m; sourceTree = "<group>"; };
		4EF1286F1CCF14AB004EA7A7 /* Info.plist */ = {isa = PBXFileReference; lastKnownFileType = text.plist.xml; path = Info.plist; sourceTree = "<group>"; };
		4EF128741CCF14AB004EA7A7 /* SLZYZUITests.xctest */ = {isa = PBXFileReference; explicitFileType = wrapper.cfbundle; includeInIndex = 0; path = SLZYZUITests.xctest; sourceTree = BUILT_PRODUCTS_DIR; };
		4EF128781CCF14AB004EA7A7 /* SLZYZUITests.m */ = {isa = PBXFileReference; lastKnownFileType = sourcecode.c.objc; path = SLZYZUITests.m; sourceTree = "<group>"; };
		4EF1287A1CCF14AB004EA7A7 /* Info.plist */ = {isa = PBXFileReference; lastKnownFileType = text.plist.xml; path = Info.plist; sourceTree = "<group>"; };
		4EF128861CCF1636004EA7A7 /* AppDelegate.h */ = {isa = PBXFileReference; fileEncoding = 4; lastKnownFileType = sourcecode.c.h; path = AppDelegate.h; sourceTree = "<group>"; };
		4EF128871CCF1636004EA7A7 /* AppDelegate.m */ = {isa = PBXFileReference; fileEncoding = 4; lastKnownFileType = sourcecode.c.objc; path = AppDelegate.m; sourceTree = "<group>"; };
		4EF128881CCF1636004EA7A7 /* CSLeftViewController.h */ = {isa = PBXFileReference; fileEncoding = 4; lastKnownFileType = sourcecode.c.h; path = CSLeftViewController.h; sourceTree = "<group>"; };
		4EF128891CCF1636004EA7A7 /* CSLeftViewController.m */ = {isa = PBXFileReference; fileEncoding = 4; lastKnownFileType = sourcecode.c.objc; path = CSLeftViewController.m; sourceTree = "<group>"; };
		4EF1288A1CCF1636004EA7A7 /* CSMainViewController.h */ = {isa = PBXFileReference; fileEncoding = 4; lastKnownFileType = sourcecode.c.h; path = CSMainViewController.h; sourceTree = "<group>"; };
		4EF1288B1CCF1636004EA7A7 /* CSMainViewController.m */ = {isa = PBXFileReference; fileEncoding = 4; lastKnownFileType = sourcecode.c.objc; path = CSMainViewController.m; sourceTree = "<group>"; };
		4EF1288E1CCF1636004EA7A7 /* CSNetFatureController.h */ = {isa = PBXFileReference; fileEncoding = 4; lastKnownFileType = sourcecode.c.h; path = CSNetFatureController.h; sourceTree = "<group>"; };
		4EF1288F1CCF1636004EA7A7 /* CSNetFatureController.m */ = {isa = PBXFileReference; fileEncoding = 4; lastKnownFileType = sourcecode.c.objc; path = CSNetFatureController.m; sourceTree = "<group>"; };
		4EF128911CCF1636004EA7A7 /* CSNewFeatureCell.h */ = {isa = PBXFileReference; fileEncoding = 4; lastKnownFileType = sourcecode.c.h; path = CSNewFeatureCell.h; sourceTree = "<group>"; };
		4EF128921CCF1636004EA7A7 /* CSNewFeatureCell.m */ = {isa = PBXFileReference; fileEncoding = 4; lastKnownFileType = sourcecode.c.objc; path = CSNewFeatureCell.m; sourceTree = "<group>"; };
		4EF128951CCF1636004EA7A7 /* new_feature_1-568h@2x.png */ = {isa = PBXFileReference; lastKnownFileType = image.png; path = "new_feature_1-568h@2x.png"; sourceTree = "<group>"; };
		4EF128961CCF1636004EA7A7 /* new_feature_1@2x.png */ = {isa = PBXFileReference; lastKnownFileType = image.png; path = "new_feature_1@2x.png"; sourceTree = "<group>"; };
		4EF128971CCF1636004EA7A7 /* new_feature_2-568h@2x.png */ = {isa = PBXFileReference; lastKnownFileType = image.png; path = "new_feature_2-568h@2x.png"; sourceTree = "<group>"; };
		4EF128981CCF1636004EA7A7 /* new_feature_2@2x.png */ = {isa = PBXFileReference; lastKnownFileType = image.png; path = "new_feature_2@2x.png"; sourceTree = "<group>"; };
		4EF128991CCF1636004EA7A7 /* new_feature_3-568h@2x.png */ = {isa = PBXFileReference; lastKnownFileType = image.png; path = "new_feature_3-568h@2x.png"; sourceTree = "<group>"; };
		4EF1289A1CCF1636004EA7A7 /* new_feature_3@2x.png */ = {isa = PBXFileReference; lastKnownFileType = image.png; path = "new_feature_3@2x.png"; sourceTree = "<group>"; };
		4EF1289B1CCF1636004EA7A7 /* new_feature_4-568h@2x.png */ = {isa = PBXFileReference; lastKnownFileType = image.png; path = "new_feature_4-568h@2x.png"; sourceTree = "<group>"; };
		4EF1289C1CCF1636004EA7A7 /* new_feature_4@2x.png */ = {isa = PBXFileReference; lastKnownFileType = image.png; path = "new_feature_4@2x.png"; sourceTree = "<group>"; };
		4EF1289D1CCF1636004EA7A7 /* new_feature_finish_button@2x.png */ = {isa = PBXFileReference; lastKnownFileType = image.png; path = "new_feature_finish_button@2x.png"; sourceTree = "<group>"; };
		4EF1289E1CCF1636004EA7A7 /* new_feature_finish_button_highlighted@2x.png */ = {isa = PBXFileReference; lastKnownFileType = image.png; path = "new_feature_finish_button_highlighted@2x.png"; sourceTree = "<group>"; };
		4EF1289F1CCF1636004EA7A7 /* new_feature_share_false@2x.png */ = {isa = PBXFileReference; lastKnownFileType = image.png; path = "new_feature_share_false@2x.png"; sourceTree = "<group>"; };
		4EF128A01CCF1636004EA7A7 /* new_feature_share_true@2x.png */ = {isa = PBXFileReference; lastKnownFileType = image.png; path = "new_feature_share_true@2x.png"; sourceTree = "<group>"; };
		4EF128A11CCF1636004EA7A7 /* SlideNavigationController.h */ = {isa = PBXFileReference; fileEncoding = 4; lastKnownFileType = sourcecode.c.h; path = SlideNavigationController.h; sourceTree = "<group>"; };
		4EF128A21CCF1636004EA7A7 /* SlideNavigationController.m */ = {isa = PBXFileReference; fileEncoding = 4; lastKnownFileType = sourcecode.c.objc; path = SlideNavigationController.m; sourceTree = "<group>"; };
		4EF128A31CCF1636004EA7A7 /* ViewController.h */ = {isa = PBXFileReference; fileEncoding = 4; lastKnownFileType = sourcecode.c.h; path = ViewController.h; sourceTree = "<group>"; };
		4EF128A41CCF1636004EA7A7 /* ViewController.m */ = {isa = PBXFileReference; fileEncoding = 4; lastKnownFileType = sourcecode.c.objc; path = ViewController.m; sourceTree = "<group>"; };
		4EF128BA1CCF1736004EA7A7 /* SlideNavigationContorllerAnimator.h */ = {isa = PBXFileReference; fileEncoding = 4; lastKnownFileType = sourcecode.c.h; path = SlideNavigationContorllerAnimator.h; sourceTree = "<group>"; };
		4EF128BB1CCF1736004EA7A7 /* SlideNavigationContorllerAnimatorFade.h */ = {isa = PBXFileReference; fileEncoding = 4; lastKnownFileType = sourcecode.c.h; path = SlideNavigationContorllerAnimatorFade.h; sourceTree = "<group>"; };
		4EF128BC1CCF1736004EA7A7 /* SlideNavigationContorllerAnimatorFade.m */ = {isa = PBXFileReference; fileEncoding = 4; lastKnownFileType = sourcecode.c.objc; path = SlideNavigationContorllerAnimatorFade.m; sourceTree = "<group>"; };
		4EF128BD1CCF1736004EA7A7 /* SlideNavigationContorllerAnimatorScale.h */ = {isa = PBXFileReference; fileEncoding = 4; lastKnownFileType = sourcecode.c.h; path = SlideNavigationContorllerAnimatorScale.h; sourceTree = "<group>"; };
		4EF128BE1CCF1736004EA7A7 /* SlideNavigationContorllerAnimatorScale.m */ = {isa = PBXFileReference; fileEncoding = 4; lastKnownFileType = sourcecode.c.objc; path = SlideNavigationContorllerAnimatorScale.m; sourceTree = "<group>"; };
		4EF128BF1CCF1736004EA7A7 /* SlideNavigationContorllerAnimatorScaleAndFade.h */ = {isa = PBXFileReference; fileEncoding = 4; lastKnownFileType = sourcecode.c.h; path = SlideNavigationContorllerAnimatorScaleAndFade.h; sourceTree = "<group>"; };
		4EF128C01CCF1736004EA7A7 /* SlideNavigationContorllerAnimatorScaleAndFade.m */ = {isa = PBXFileReference; fileEncoding = 4; lastKnownFileType = sourcecode.c.objc; path = SlideNavigationContorllerAnimatorScaleAndFade.m; sourceTree = "<group>"; };
		4EF128C11CCF1736004EA7A7 /* SlideNavigationContorllerAnimatorSlide.h */ = {isa = PBXFileReference; fileEncoding = 4; lastKnownFileType = sourcecode.c.h; path = SlideNavigationContorllerAnimatorSlide.h; sourceTree = "<group>"; };
		4EF128C21CCF1736004EA7A7 /* SlideNavigationContorllerAnimatorSlide.m */ = {isa = PBXFileReference; fileEncoding = 4; lastKnownFileType = sourcecode.c.objc; path = SlideNavigationContorllerAnimatorSlide.m; sourceTree = "<group>"; };
		4EF128C31CCF1736004EA7A7 /* SlideNavigationContorllerAnimatorSlideAndFade.h */ = {isa = PBXFileReference; fileEncoding = 4; lastKnownFileType = sourcecode.c.h; path = SlideNavigationContorllerAnimatorSlideAndFade.h; sourceTree = "<group>"; };
		4EF128C41CCF1736004EA7A7 /* SlideNavigationContorllerAnimatorSlideAndFade.m */ = {isa = PBXFileReference; fileEncoding = 4; lastKnownFileType = sourcecode.c.objc; path = SlideNavigationContorllerAnimatorSlideAndFade.m; sourceTree = "<group>"; };
/* End PBXFileReference section */

/* Begin PBXFrameworksBuildPhase section */
		4EF1284D1CCF14AB004EA7A7 /* Frameworks */ = {
			isa = PBXFrameworksBuildPhase;
			buildActionMask = 2147483647;
			files = (
			);
			runOnlyForDeploymentPostprocessing = 0;
		};
		4EF128661CCF14AB004EA7A7 /* Frameworks */ = {
			isa = PBXFrameworksBuildPhase;
			buildActionMask = 2147483647;
			files = (
			);
			runOnlyForDeploymentPostprocessing = 0;
		};
		4EF128711CCF14AB004EA7A7 /* Frameworks */ = {
			isa = PBXFrameworksBuildPhase;
			buildActionMask = 2147483647;
			files = (
			);
			runOnlyForDeploymentPostprocessing = 0;
		};
/* End PBXFrameworksBuildPhase section */

/* Begin PBXGroup section */
		4EF128471CCF14AB004EA7A7 = {
			isa = PBXGroup;
			children = (
				4EF128521CCF14AB004EA7A7 /* SLZYZ */,
				4EF1286C1CCF14AB004EA7A7 /* SLZYZTests */,
				4EF128771CCF14AB004EA7A7 /* SLZYZUITests */,
				4EF128511CCF14AB004EA7A7 /* Products */,
			);
			sourceTree = "<group>";
		};
		4EF128511CCF14AB004EA7A7 /* Products */ = {
			isa = PBXGroup;
			children = (
				4EF128501CCF14AB004EA7A7 /* SLZYZ.app */,
				4EF128691CCF14AB004EA7A7 /* SLZYZTests.xctest */,
				4EF128741CCF14AB004EA7A7 /* SLZYZUITests.xctest */,
			);
			name = Products;
			sourceTree = "<group>";
		};
		4EF128521CCF14AB004EA7A7 /* SLZYZ */ = {
			isa = PBXGroup;
			children = (
				4EF128861CCF1636004EA7A7 /* AppDelegate.h */,
				4EF128871CCF1636004EA7A7 /* AppDelegate.m */,
				4EF128881CCF1636004EA7A7 /* CSLeftViewController.h */,
				4EF128891CCF1636004EA7A7 /* CSLeftViewController.m */,
				4EF1288A1CCF1636004EA7A7 /* CSMainViewController.h */,
				4EF1288B1CCF1636004EA7A7 /* CSMainViewController.m */,
				4EF1288C1CCF1636004EA7A7 /* NewFature */,
				4EF128931CCF1636004EA7A7 /* Resource */,
				4EF128A11CCF1636004EA7A7 /* SlideNavigationController.h */,
				4EF128A21CCF1636004EA7A7 /* SlideNavigationController.m */,
				4EF128A31CCF1636004EA7A7 /* ViewController.h */,
				4EF128A41CCF1636004EA7A7 /* ViewController.m */,
				4EF128B81CCF1721004EA7A7 /* Vender */,
				4EF1285F1CCF14AB004EA7A7 /* Assets.xcassets */,
				4EF128611CCF14AB004EA7A7 /* LaunchScreen.storyboard */,
				4EF128641CCF14AB004EA7A7 /* Info.plist */,
				4EF128531CCF14AB004EA7A7 /* Supporting Files */,
			);
			path = SLZYZ;
			sourceTree = "<group>";
		};
		4EF128531CCF14AB004EA7A7 /* Supporting Files */ = {
			isa = PBXGroup;
			children = (
				4EF128541CCF14AB004EA7A7 /* main.m */,
			);
			name = "Supporting Files";
			sourceTree = "<group>";
		};
		4EF1286C1CCF14AB004EA7A7 /* SLZYZTests */ = {
			isa = PBXGroup;
			children = (
				4EF1286D1CCF14AB004EA7A7 /* SLZYZTests.m */,
				4EF1286F1CCF14AB004EA7A7 /* Info.plist */,
			);
			path = SLZYZTests;
			sourceTree = "<group>";
		};
		4EF128771CCF14AB004EA7A7 /* SLZYZUITests */ = {
			isa = PBXGroup;
			children = (
				4EF128781CCF14AB004EA7A7 /* SLZYZUITests.m */,
				4EF1287A1CCF14AB004EA7A7 /* Info.plist */,
			);
			path = SLZYZUITests;
			sourceTree = "<group>";
		};
		4EF1288C1CCF1636004EA7A7 /* NewFature */ = {
			isa = PBXGroup;
			children = (
				4EF1288D1CCF1636004EA7A7 /* Controller */,
				4EF128901CCF1636004EA7A7 /* View */,
			);
			path = NewFature;
			sourceTree = "<group>";
		};
		4EF1288D1CCF1636004EA7A7 /* Controller */ = {
			isa = PBXGroup;
			children = (
				4EF1288E1CCF1636004EA7A7 /* CSNetFatureController.h */,
				4EF1288F1CCF1636004EA7A7 /* CSNetFatureController.m */,
			);
			path = Controller;
			sourceTree = "<group>";
		};
		4EF128901CCF1636004EA7A7 /* View */ = {
			isa = PBXGroup;
			children = (
				4EF128911CCF1636004EA7A7 /* CSNewFeatureCell.h */,
				4EF128921CCF1636004EA7A7 /* CSNewFeatureCell.m */,
			);
			path = View;
			sourceTree = "<group>";
		};
		4EF128931CCF1636004EA7A7 /* Resource */ = {
			isa = PBXGroup;
			children = (
				4EF128941CCF1636004EA7A7 /* NewFature */,
			);
			path = Resource;
			sourceTree = "<group>";
		};
		4EF128941CCF1636004EA7A7 /* NewFature */ = {
			isa = PBXGroup;
			children = (
				4EF128951CCF1636004EA7A7 /* new_feature_1-568h@2x.png */,
				4EF128961CCF1636004EA7A7 /* new_feature_1@2x.png */,
				4EF128971CCF1636004EA7A7 /* new_feature_2-568h@2x.png */,
				4EF128981CCF1636004EA7A7 /* new_feature_2@2x.png */,
				4EF128991CCF1636004EA7A7 /* new_feature_3-568h@2x.png */,
				4EF1289A1CCF1636004EA7A7 /* new_feature_3@2x.png */,
				4EF1289B1CCF1636004EA7A7 /* new_feature_4-568h@2x.png */,
				4EF1289C1CCF1636004EA7A7 /* new_feature_4@2x.png */,
				4EF1289D1CCF1636004EA7A7 /* new_feature_finish_button@2x.png */,
				4EF1289E1CCF1636004EA7A7 /* new_feature_finish_button_highlighted@2x.png */,
				4EF1289F1CCF1636004EA7A7 /* new_feature_share_false@2x.png */,
				4EF128A01CCF1636004EA7A7 /* new_feature_share_true@2x.png */,
			);
			path = NewFature;
			sourceTree = "<group>";
		};
		4EF128B81CCF1721004EA7A7 /* Vender */ = {
			isa = PBXGroup;
			children = (
				4EF128B91CCF1736004EA7A7 /* Animations */,
			);
			path = Vender;
			sourceTree = "<group>";
		};
		4EF128B91CCF1736004EA7A7 /* Animations */ = {
			isa = PBXGroup;
			children = (
				4EF128BA1CCF1736004EA7A7 /* SlideNavigationContorllerAnimator.h */,
				4EF128BB1CCF1736004EA7A7 /* SlideNavigationContorllerAnimatorFade.h */,
				4EF128BC1CCF1736004EA7A7 /* SlideNavigationContorllerAnimatorFade.m */,
				4EF128BD1CCF1736004EA7A7 /* SlideNavigationContorllerAnimatorScale.h */,
				4EF128BE1CCF1736004EA7A7 /* SlideNavigationContorllerAnimatorScale.m */,
				4EF128BF1CCF1736004EA7A7 /* SlideNavigationContorllerAnimatorScaleAndFade.h */,
				4EF128C01CCF1736004EA7A7 /* SlideNavigationContorllerAnimatorScaleAndFade.m */,
				4EF128C11CCF1736004EA7A7 /* SlideNavigationContorllerAnimatorSlide.h */,
				4EF128C21CCF1736004EA7A7 /* SlideNavigationContorllerAnimatorSlide.m */,
				4EF128C31CCF1736004EA7A7 /* SlideNavigationContorllerAnimatorSlideAndFade.h */,
				4EF128C41CCF1736004EA7A7 /* SlideNavigationContorllerAnimatorSlideAndFade.m */,
			);
			path = Animations;
			sourceTree = "<group>";
		};
/* End PBXGroup section */

/* Begin PBXNativeTarget section */
		4EF1284F1CCF14AB004EA7A7 /* SLZYZ */ = {
			isa = PBXNativeTarget;
			buildConfigurationList = 4EF1287D1CCF14AB004EA7A7 /* Build configuration list for PBXNativeTarget "SLZYZ" */;
			buildPhases = (
				4EF1284C1CCF14AB004EA7A7 /* Sources */,
				4EF1284D1CCF14AB004EA7A7 /* Frameworks */,
				4EF1284E1CCF14AB004EA7A7 /* Resources */,
			);
			buildRules = (
			);
			dependencies = (
			);
			name = SLZYZ;
			productName = SLZYZ;
			productReference = 4EF128501CCF14AB004EA7A7 /* SLZYZ.app */;
			productType = "com.apple.product-type.application";
		};
		4EF128681CCF14AB004EA7A7 /* SLZYZTests */ = {
			isa = PBXNativeTarget;
			buildConfigurationList = 4EF128801CCF14AB004EA7A7 /* Build configuration list for PBXNativeTarget "SLZYZTests" */;
			buildPhases = (
				4EF128651CCF14AB004EA7A7 /* Sources */,
				4EF128661CCF14AB004EA7A7 /* Frameworks */,
				4EF128671CCF14AB004EA7A7 /* Resources */,
			);
			buildRules = (
			);
			dependencies = (
				4EF1286B1CCF14AB004EA7A7 /* PBXTargetDependency */,
			);
			name = SLZYZTests;
			productName = SLZYZTests;
			productReference = 4EF128691CCF14AB004EA7A7 /* SLZYZTests.xctest */;
			productType = "com.apple.product-type.bundle.unit-test";
		};
		4EF128731CCF14AB004EA7A7 /* SLZYZUITests */ = {
			isa = PBXNativeTarget;
			buildConfigurationList = 4EF128831CCF14AB004EA7A7 /* Build configuration list for PBXNativeTarget "SLZYZUITests" */;
			buildPhases = (
				4EF128701CCF14AB004EA7A7 /* Sources */,
				4EF128711CCF14AB004EA7A7 /* Frameworks */,
				4EF128721CCF14AB004EA7A7 /* Resources */,
			);
			buildRules = (
			);
			dependencies = (
				4EF128761CCF14AB004EA7A7 /* PBXTargetDependency */,
			);
			name = SLZYZUITests;
			productName = SLZYZUITests;
			productReference = 4EF128741CCF14AB004EA7A7 /* SLZYZUITests.xctest */;
			productType = "com.apple.product-type.bundle.ui-testing";
		};
/* End PBXNativeTarget section */

/* Begin PBXProject section */
		4EF128481CCF14AB004EA7A7 /* Project object */ = {
			isa = PBXProject;
			attributes = {
				LastUpgradeCheck = 0720;
				ORGANIZATIONNAME = MrCHEN;
				TargetAttributes = {
					4EF1284F1CCF14AB004EA7A7 = {
						CreatedOnToolsVersion = 7.2.1;
						DevelopmentTeam = 4YATU73E5J;
					};
					4EF128681CCF14AB004EA7A7 = {
						CreatedOnToolsVersion = 7.2.1;
						DevelopmentTeam = 4YATU73E5J;
						TestTargetID = 4EF1284F1CCF14AB004EA7A7;
					};
					4EF128731CCF14AB004EA7A7 = {
						CreatedOnToolsVersion = 7.2.1;
						DevelopmentTeam = 4YATU73E5J;
						TestTargetID = 4EF1284F1CCF14AB004EA7A7;
					};
				};
			};
			buildConfigurationList = 4EF1284B1CCF14AB004EA7A7 /* Build configuration list for PBXProject "SLZYZ" */;
			compatibilityVersion = "Xcode 3.2";
			developmentRegion = English;
			hasScannedForEncodings = 0;
			knownRegions = (
				en,
				Base,
			);
			mainGroup = 4EF128471CCF14AB004EA7A7;
			productRefGroup = 4EF128511CCF14AB004EA7A7 /* Products */;
			projectDirPath = "";
			projectRoot = "";
			targets = (
				4EF1284F1CCF14AB004EA7A7 /* SLZYZ */,
				4EF128681CCF14AB004EA7A7 /* SLZYZTests */,
				4EF128731CCF14AB004EA7A7 /* SLZYZUITests */,
			);
		};
/* End PBXProject section */

/* Begin PBXResourcesBuildPhase section */
		4EF1284E1CCF14AB004EA7A7 /* Resources */ = {
			isa = PBXResourcesBuildPhase;
			buildActionMask = 2147483647;
			files = (
				4EF128B01CCF1636004EA7A7 /* new_feature_4-568h@2x.png in Resources */,
				4EF128B11CCF1636004EA7A7 /* new_feature_4@2x.png in Resources */,
				4EF128AF1CCF1636004EA7A7 /* new_feature_3@2x.png in Resources */,
				4EF128B41CCF1636004EA7A7 /* new_feature_share_false@2x.png in Resources */,
				4EF128B21CCF1636004EA7A7 /* new_feature_finish_button@2x.png in Resources */,
				4EF128631CCF14AB004EA7A7 /* LaunchScreen.storyboard in Resources */,
				4EF128B31CCF1636004EA7A7 /* new_feature_finish_button_highlighted@2x.png in Resources */,
				4EF128AE1CCF1636004EA7A7 /* new_feature_3-568h@2x.png in Resources */,
				4EF128AD1CCF1636004EA7A7 /* new_feature_2@2x.png in Resources */,
				4EF128AC1CCF1636004EA7A7 /* new_feature_2-568h@2x.png in Resources */,
				4EF128B51CCF1636004EA7A7 /* new_feature_share_true@2x.png in Resources */,
				4EF128601CCF14AB004EA7A7 /* Assets.xcassets in Resources */,
				4EF128AB1CCF1636004EA7A7 /* new_feature_1@2x.png in Resources */,
				4EF128AA1CCF1636004EA7A7 /* new_feature_1-568h@2x.png in Resources */,
			);
			runOnlyForDeploymentPostprocessing = 0;
		};
		4EF128671CCF14AB004EA7A7 /* Resources */ = {
			isa = PBXResourcesBuildPhase;
			buildActionMask = 2147483647;
			files = (
			);
			runOnlyForDeploymentPostprocessing = 0;
		};
		4EF128721CCF14AB004EA7A7 /* Resources */ = {
			isa = PBXResourcesBuildPhase;
			buildActionMask = 2147483647;
			files = (
			);
			runOnlyForDeploymentPostprocessing = 0;
		};
/* End PBXResourcesBuildPhase section */

/* Begin PBXSourcesBuildPhase section */
		4EF1284C1CCF14AB004EA7A7 /* Sources */ = {
			isa = PBXSourcesBuildPhase;
			buildActionMask = 2147483647;
			files = (
				4EF128C51CCF1736004EA7A7 /* SlideNavigationContorllerAnimatorFade.m in Sources */,
				4EF128A81CCF1636004EA7A7 /* CSNetFatureController.m in Sources */,
				4EF128A51CCF1636004EA7A7 /* AppDelegate.m in Sources */,
				4EF128C71CCF1736004EA7A7 /* SlideNavigationContorllerAnimatorScaleAndFade.m in Sources */,
				4EF128B71CCF1636004EA7A7 /* ViewController.m in Sources */,
				4EF128551CCF14AB004EA7A7 /* main.m in Sources */,
				4EF128C61CCF1736004EA7A7 /* SlideNavigationContorllerAnimatorScale.m in Sources */,
				4EF128A61CCF1636004EA7A7 /* CSLeftViewController.m in Sources */,
				4EF128C91CCF1736004EA7A7 /* SlideNavigationContorllerAnimatorSlideAndFade.m in Sources */,
				4EF128C81CCF1736004EA7A7 /* SlideNavigationContorllerAnimatorSlide.m in Sources */,
				4EF128A71CCF1636004EA7A7 /* CSMainViewController.m in Sources */,
				4EF128A91CCF1636004EA7A7 /* CSNewFeatureCell.m in Sources */,
				4EF128B61CCF1636004EA7A7 /* SlideNavigationController.m in Sources */,
			);
			runOnlyForDeploymentPostprocessing = 0;
		};
		4EF128651CCF14AB004EA7A7 /* Sources */ = {
			isa = PBXSourcesBuildPhase;
			buildActionMask = 2147483647;
			files = (
				4EF1286E1CCF14AB004EA7A7 /* SLZYZTests.m in Sources */,
			);
			runOnlyForDeploymentPostprocessing = 0;
		};
		4EF128701CCF14AB004EA7A7 /* Sources */ = {
			isa = PBXSourcesBuildPhase;
			buildActionMask = 2147483647;
			files = (
				4EF128791CCF14AB004EA7A7 /* SLZYZUITests.m in Sources */,
			);
			runOnlyForDeploymentPostprocessing = 0;
		};
/* End PBXSourcesBuildPhase section */

/* Begin PBXTargetDependency section */
		4EF1286B1CCF14AB004EA7A7 /* PBXTargetDependency */ = {
			isa = PBXTargetDependency;
			target = 4EF1284F1CCF14AB004EA7A7 /* SLZYZ */;
			targetProxy = 4EF1286A1CCF14AB004EA7A7 /* PBXContainerItemProxy */;
		};
		4EF128761CCF14AB004EA7A7 /* PBXTargetDependency */ = {
			isa = PBXTargetDependency;
			target = 4EF1284F1CCF14AB004EA7A7 /* SLZYZ */;
			targetProxy = 4EF128751CCF14AB004EA7A7 /* PBXContainerItemProxy */;
		};
/* End PBXTargetDependency section */

/* Begin PBXVariantGroup section */
		4EF128611CCF14AB004EA7A7 /* LaunchScreen.storyboard */ = {
			isa = PBXVariantGroup;
			children = (
				4EF128621CCF14AB004EA7A7 /* Base */,
			);
			name = LaunchScreen.storyboard;
			sourceTree = "<group>";
		};
/* End PBXVariantGroup section */

/* Begin XCBuildConfiguration section */
		4EF1287B1CCF14AB004EA7A7 /* Debug */ = {
			isa = XCBuildConfiguration;
			buildSettings = {
				ALWAYS_SEARCH_USER_PATHS = NO;
				CLANG_CXX_LANGUAGE_STANDARD = "gnu++0x";
				CLANG_CXX_LIBRARY = "libc++";
				CLANG_ENABLE_MODULES = YES;
				CLANG_ENABLE_OBJC_ARC = YES;
				CLANG_WARN_BOOL_CONVERSION = YES;
				CLANG_WARN_CONSTANT_CONVERSION = YES;
				CLANG_WARN_DIRECT_OBJC_ISA_USAGE = YES_ERROR;
				CLANG_WARN_EMPTY_BODY = YES;
				CLANG_WARN_ENUM_CONVERSION = YES;
				CLANG_WARN_INT_CONVERSION = YES;
				CLANG_WARN_OBJC_ROOT_CLASS = YES_ERROR;
				CLANG_WARN_UNREACHABLE_CODE = YES;
				CLANG_WARN__DUPLICATE_METHOD_MATCH = YES;
				"CODE_SIGN_IDENTITY[sdk=iphoneos*]" = "iPhone Developer";
				COPY_PHASE_STRIP = NO;
				DEBUG_INFORMATION_FORMAT = dwarf;
				ENABLE_STRICT_OBJC_MSGSEND = YES;
				ENABLE_TESTABILITY = YES;
				GCC_C_LANGUAGE_STANDARD = gnu99;
				GCC_DYNAMIC_NO_PIC = NO;
				GCC_NO_COMMON_BLOCKS = YES;
				GCC_OPTIMIZATION_LEVEL = 0;
				GCC_PREPROCESSOR_DEFINITIONS = (
					"DEBUG=1",
					"$(inherited)",
				);
				GCC_WARN_64_TO_32_BIT_CONVERSION = YES;
				GCC_WARN_ABOUT_RETURN_TYPE = YES_ERROR;
				GCC_WARN_UNDECLARED_SELECTOR = YES;
				GCC_WARN_UNINITIALIZED_AUTOS = YES_AGGRESSIVE;
				GCC_WARN_UNUSED_FUNCTION = YES;
				GCC_WARN_UNUSED_VARIABLE = YES;
				IPHONEOS_DEPLOYMENT_TARGET = 9.2;
				MTL_ENABLE_DEBUG_INFO = YES;
				ONLY_ACTIVE_ARCH = YES;
				SDKROOT = iphoneos;
				TARGETED_DEVICE_FAMILY = "1,2";
			};
			name = Debug;
		};
		4EF1287C1CCF14AB004EA7A7 /* Release */ = {
			isa = XCBuildConfiguration;
			buildSettings = {
				ALWAYS_SEARCH_USER_PATHS = NO;
				CLANG_CXX_LANGUAGE_STANDARD = "gnu++0x";
				CLANG_CXX_LIBRARY = "libc++";
				CLANG_ENABLE_MODULES = YES;
				CLANG_ENABLE_OBJC_ARC = YES;
				CLANG_WARN_BOOL_CONVERSION = YES;
				CLANG_WARN_CONSTANT_CONVERSION = YES;
				CLANG_WARN_DIRECT_OBJC_ISA_USAGE = YES_ERROR;
				CLANG_WARN_EMPTY_BODY = YES;
				CLANG_WARN_ENUM_CONVERSION = YES;
				CLANG_WARN_INT_CONVERSION = YES;
				CLANG_WARN_OBJC_ROOT_CLASS = YES_ERROR;
				CLANG_WARN_UNREACHABLE_CODE = YES;
				CLANG_WARN__DUPLICATE_METHOD_MATCH = YES;
				"CODE_SIGN_IDENTITY[sdk=iphoneos*]" = "iPhone Developer";
				COPY_PHASE_STRIP = NO;
				DEBUG_INFORMATION_FORMAT = "dwarf-with-dsym";
				ENABLE_NS_ASSERTIONS = NO;
				ENABLE_STRICT_OBJC_MSGSEND = YES;
				GCC_C_LANGUAGE_STANDARD = gnu99;
				GCC_NO_COMMON_BLOCKS = YES;
				GCC_WARN_64_TO_32_BIT_CONVERSION = YES;
				GCC_WARN_ABOUT_RETURN_TYPE = YES_ERROR;
				GCC_WARN_UNDECLARED_SELECTOR = YES;
				GCC_WARN_UNINITIALIZED_AUTOS = YES_AGGRESSIVE;
				GCC_WARN_UNUSED_FUNCTION = YES;
				GCC_WARN_UNUSED_VARIABLE = YES;
				IPHONEOS_DEPLOYMENT_TARGET = 9.2;
				MTL_ENABLE_DEBUG_INFO = NO;
				SDKROOT = iphoneos;
				TARGETED_DEVICE_FAMILY = "1,2";
				VALIDATE_PRODUCT = YES;
			};
			name = Release;
		};
		4EF1287E1CCF14AB004EA7A7 /* Debug */ = {
			isa = XCBuildConfiguration;
			buildSettings = {
				ASSETCATALOG_COMPILER_APPICON_NAME = AppIcon;
				INFOPLIST_FILE = SLZYZ/Info.plist;
				LD_RUNPATH_SEARCH_PATHS = "$(inherited) @executable_path/Frameworks";
				PRODUCT_BUNDLE_IDENTIFIER = SHSL.SLZYZ;
				PRODUCT_NAME = "$(TARGET_NAME)";
			};
			name = Debug;
		};
		4EF1287F1CCF14AB004EA7A7 /* Release */ = {
			isa = XCBuildConfiguration;
			buildSettings = {
				ASSETCATALOG_COMPILER_APPICON_NAME = AppIcon;
				INFOPLIST_FILE = SLZYZ/Info.plist;
				LD_RUNPATH_SEARCH_PATHS = "$(inherited) @executable_path/Frameworks";
				PRODUCT_BUNDLE_IDENTIFIER = SHSL.SLZYZ;
				PRODUCT_NAME = "$(TARGET_NAME)";
			};
			name = Release;
		};
		4EF128811CCF14AB004EA7A7 /* Debug */ = {
			isa = XCBuildConfiguration;
			buildSettings = {
				BUNDLE_LOADER = "$(TEST_HOST)";
				INFOPLIST_FILE = SLZYZTests/Info.plist;
				LD_RUNPATH_SEARCH_PATHS = "$(inherited) @executable_path/Frameworks @loader_path/Frameworks";
				PRODUCT_BUNDLE_IDENTIFIER = SHSL.SLZYZTests;
				PRODUCT_NAME = "$(TARGET_NAME)";
				TEST_HOST = "$(BUILT_PRODUCTS_DIR)/SLZYZ.app/SLZYZ";
			};
			name = Debug;
		};
		4EF128821CCF14AB004EA7A7 /* Release */ = {
			isa = XCBuildConfiguration;
			buildSettings = {
				BUNDLE_LOADER = "$(TEST_HOST)";
				INFOPLIST_FILE = SLZYZTests/Info.plist;
				LD_RUNPATH_SEARCH_PATHS = "$(inherited) @executable_path/Frameworks @loader_path/Frameworks";
				PRODUCT_BUNDLE_IDENTIFIER = SHSL.SLZYZTests;
				PRODUCT_NAME = "$(TARGET_NAME)";
				TEST_HOST = "$(BUILT_PRODUCTS_DIR)/SLZYZ.app/SLZYZ";
			};
			name = Release;
		};
		4EF128841CCF14AB004EA7A7 /* Debug */ = {
			isa = XCBuildConfiguration;
			buildSettings = {
				INFOPLIST_FILE = SLZYZUITests/Info.plist;
				LD_RUNPATH_SEARCH_PATHS = "$(inherited) @executable_path/Frameworks @loader_path/Frameworks";
				PRODUCT_BUNDLE_IDENTIFIER = SHSL.SLZYZUITests;
				PRODUCT_NAME = "$(TARGET_NAME)";
				TEST_TARGET_NAME = SLZYZ;
				USES_XCTRUNNER = YES;
			};
			name = Debug;
		};
		4EF128851CCF14AB004EA7A7 /* Release */ = {
			isa = XCBuildConfiguration;
			buildSettings = {
				INFOPLIST_FILE = SLZYZUITests/Info.plist;
				LD_RUNPATH_SEARCH_PATHS = "$(inherited) @executable_path/Frameworks @loader_path/Frameworks";
				PRODUCT_BUNDLE_IDENTIFIER = SHSL.SLZYZUITests;
				PRODUCT_NAME = "$(TARGET_NAME)";
				TEST_TARGET_NAME = SLZYZ;
				USES_XCTRUNNER = YES;
			};
			name = Release;
		};
/* End XCBuildConfiguration section */

/* Begin XCConfigurationList section */
		4EF1284B1CCF14AB004EA7A7 /* Build configuration list for PBXProject "SLZYZ" */ = {
			isa = XCConfigurationList;
			buildConfigurations = (
				4EF1287B1CCF14AB004EA7A7 /* Debug */,
				4EF1287C1CCF14AB004EA7A7 /* Release */,
			);
			defaultConfigurationIsVisible = 0;
			defaultConfigurationName = Release;
		};
		4EF1287D1CCF14AB004EA7A7 /* Build configuration list for PBXNativeTarget "SLZYZ" */ = {
			isa = XCConfigurationList;
			buildConfigurations = (
				4EF1287E1CCF14AB004EA7A7 /* Debug */,
				4EF1287F1CCF14AB004EA7A7 /* Release */,
			);
			defaultConfigurationIsVisible = 0;
		};
		4EF128801CCF14AB004EA7A7 /* Build configuration list for PBXNativeTarget "SLZYZTests" */ = {
			isa = XCConfigurationList;
			buildConfigurations = (
				4EF128811CCF14AB004EA7A7 /* Debug */,
				4EF128821CCF14AB004EA7A7 /* Release */,
			);
			defaultConfigurationIsVisible = 0;
		};
		4EF128831CCF14AB004EA7A7 /* Build configuration list for PBXNativeTarget "SLZYZUITests" */ = {
			isa = XCConfigurationList;
			buildConfigurations = (
				4EF128841CCF14AB004EA7A7 /* Debug */,
				4EF128851CCF14AB004EA7A7 /* Release */,
			);
			defaultConfigurationIsVisible = 0;
		};
/* End XCConfigurationList section */
	};
	rootObject = 4EF128481CCF14AB004EA7A7 /* Project object */;
}
